<?xml version="1.0" encoding="utf-8"?>
<Project ToolsVersion="4.0" xmlns="http://schemas.microsoft.com/developer/msbuild/2003">
  <ItemGroup>
    <Filter Include="Source Files">
      <UniqueIdentifier>{4FC737F1-C7A5-4376-A066-2A32D752A2FF}</UniqueIdentifier>
      <Extensions>cpp;c;cc;cxx;c++;cppm;ixx;def;odl;idl;hpj;bat;asm;asmx</Extensions>
    </Filter>
    <Filter Include="Header Files">
      <UniqueIdentifier>{93995380-89BD-4b04-88EB-625FBE52EBFB}</UniqueIdentifier>
      <Extensions>h;hh;hpp;hxx;h++;hm;inl;inc;ipp;xsd</Extensions>
    </Filter>
    <Filter Include="Resource Files">
      <UniqueIdentifier>{67DA6AB6-F800-4c08-8B7A-83BB121AAD01}</UniqueIdentifier>
      <Extensions>rc;ico;cur;bmp;dlg;rc2;rct;bin;rgs;gif;jpg;jpeg;jpe;resx;tiff;tif;png;wav;mfcribbon-ms</Extensions>
    </Filter>
  </ItemGroup>
  <ItemGroup>
    <ClCompile Include="vlr-util.cpp">
      <Filter>Source Files</Filter>
    </ClCompile>
    <ClCompile Include="pch.cpp">
      <Filter>Source Files</Filter>
    </ClCompile>
    <ClCompile Include="util.Unicode.cpp">
      <Filter>Source Files</Filter>
    </ClCompile>
    <ClCompile Include="win32.filesystem.Functions.cpp">
      <Filter>Source Files</Filter>
    </ClCompile>
    <ClCompile Include="win32.security.tokens.cpp">
      <Filter>Source Files</Filter>
    </ClCompile>
    <ClCompile Include="win32.structure.ACL.cpp">
      <Filter>Source Files</Filter>
    </ClCompile>
    <ClCompile Include="win32.structure.ACE.cpp">
      <Filter>Source Files</Filter>
    </ClCompile>
    <ClCompile Include="ModuleContext.Runtime.CommandLine.cpp">
      <Filter>Source Files</Filter>
    </ClCompile>
    <ClCompile Include="ModuleContext.Runtime.cpp">
      <Filter>Source Files</Filter>
    </ClCompile>
    <ClCompile Include="win32.security.SIDs.cpp">
      <Filter>Source Files</Filter>
    </ClCompile>
  </ItemGroup>
  <ItemGroup>
    <ClInclude Include="include\vlr\enums.FormatEnum.h">
      <Filter>Header Files</Filter>
    </ClInclude>
    <ClInclude Include="include\vlr\enums.RangeInfo.h">
      <Filter>Header Files</Filter>
    </ClInclude>
    <ClInclude Include="include\vlr\formatpf.h">
      <Filter>Header Files</Filter>
    </ClInclude>
    <ClInclude Include="include\vlr\include.fmt.h">
      <Filter>Header Files</Filter>
    </ClInclude>
    <ClInclude Include="include\vlr\SharedInstance.h">
      <Filter>Header Files</Filter>
    </ClInclude>
    <ClInclude Include="include\vlr\util.choice.h">
      <Filter>Header Files</Filter>
    </ClInclude>
    <ClInclude Include="include\vlr\util.IsBitSet.h">
      <Filter>Header Files</Filter>
    </ClInclude>
    <ClInclude Include="include\vlr\util.IsBitValue.h">
      <Filter>Header Files</Filter>
    </ClInclude>
    <ClInclude Include="include\vlr\util.IsNonZero.h">
      <Filter>Header Files</Filter>
    </ClInclude>
    <ClInclude Include="include\vlr\util.IsNotBlank.h">
      <Filter>Header Files</Filter>
    </ClInclude>
    <ClInclude Include="include\vlr\UtilMacros.Assertions.h">
      <Filter>Header Files</Filter>
    </ClInclude>
    <ClInclude Include="include\vlr\UtilMacros.Namespace.h">
      <Filter>Header Files</Filter>
    </ClInclude>
    <ClInclude Include="include\vlr\zstring_view.h">
      <Filter>Header Files</Filter>
    </ClInclude>
    <ClInclude Include="include\vlr\ActionOnDestruction.h">
      <Filter>Header Files</Filter>
    </ClInclude>
    <ClInclude Include="include\vlr\AssertionHandling_Config.h">
      <Filter>Header Files</Filter>
    </ClInclude>
    <ClInclude Include="include\vlr\AutoFreeResource.h">
      <Filter>Header Files</Filter>
    </ClInclude>
    <ClInclude Include="include\vlr\AutoRevertingAssignment.h">
      <Filter>Header Files</Filter>
    </ClInclude>
    <ClInclude Include="include\vlr\BaseWithVirtualDestructor.h">
      <Filter>Header Files</Filter>
    </ClInclude>
    <ClInclude Include="include\vlr\config.h">
      <Filter>Header Files</Filter>
    </ClInclude>
    <ClInclude Include="include\vlr\util.convert.StringConversion.h">
      <Filter>Header Files</Filter>
    </ClInclude>
    <ClInclude Include="include\vlr\util.Unicode.h">
      <Filter>Header Files</Filter>
    </ClInclude>
    <ClInclude Include="include\vlr\UtilMacros.General.h">
      <Filter>Header Files</Filter>
    </ClInclude>
    <ClInclude Include="include\vlr\util.range_checked_cast.h">
      <Filter>Header Files</Filter>
    </ClInclude>
    <ClInclude Include="include\vlr\util.CStringBufferAccess.h">
      <Filter>Header Files</Filter>
    </ClInclude>
    <ClInclude Include="framework.h">
      <Filter>Header Files</Filter>
    </ClInclude>
    <ClInclude Include="pch.h">
      <Filter>Header Files</Filter>
    </ClInclude>
    <ClInclude Include="include\vlr\win32.filesystem.enum_volumes.h">
      <Filter>Header Files</Filter>
    </ClInclude>
    <ClInclude Include="include\vlr\util.api_adaptor.OutString.h">
      <Filter>Header Files</Filter>
    </ClInclude>
    <ClInclude Include="include\vlr\util.std_aliases.h">
      <Filter>Header Files</Filter>
    </ClInclude>
    <ClInclude Include="include\vlr\util.data_adaptor.MultiSZ.h">
      <Filter>Header Files</Filter>
    </ClInclude>
    <ClInclude Include="include\vlr\c_runtime.StringFunctions.h">
      <Filter>Header Files</Filter>
    </ClInclude>
    <ClInclude Include="include\vlr\win32.filesystem.Functions.h">
      <Filter>Header Files</Filter>
    </ClInclude>
    <ClInclude Include="include\vlr\win32.filesystem.enum_files.h">
      <Filter>Header Files</Filter>
    </ClInclude>
    <ClInclude Include="include\vlr\win32.structure.WIN32_FIND_DATA.h">
      <Filter>Header Files</Filter>
    </ClInclude>
    <ClInclude Include="include\vlr\util.MathOps.h">
      <Filter>Header Files</Filter>
    </ClInclude>
    <ClInclude Include="include\vlr\util.convert.ToDisplay.h">
      <Filter>Header Files</Filter>
    </ClInclude>
    <ClInclude Include="include\vlr\win32.security.tokens.h">
      <Filter>Header Files</Filter>
    </ClInclude>
    <ClInclude Include="include\vlr\win32.structure.ACL.h">
      <Filter>Header Files</Filter>
    </ClInclude>
    <ClInclude Include="include\vlr\win32.structure.ACE.h">
      <Filter>Header Files</Filter>
    </ClInclude>
    <ClInclude Include="include\vlr\logging.MessageContext.h">
      <Filter>Header Files</Filter>
    </ClInclude>
    <ClInclude Include="include\vlr\logging.LogMessage.h">
      <Filter>Header Files</Filter>
    </ClInclude>
    <ClInclude Include="include\vlr\include.spdlog.h">
      <Filter>Header Files</Filter>
    </ClInclude>
    <ClInclude Include="include\vlr\ModuleContext.Runtime.CommandLine.h">
      <Filter>Header Files</Filter>
    </ClInclude>
    <ClInclude Include="include\vlr\ModuleContext.Compilation.h">
      <Filter>Header Files</Filter>
    </ClInclude>
    <ClInclude Include="include\vlr\win32.targetver.WIN2K.h">
      <Filter>Header Files</Filter>
    </ClInclude>
    <ClInclude Include="include\vlr\win32.targetver.WINXP.h">
      <Filter>Header Files</Filter>
    </ClInclude>
    <ClInclude Include="include\vlr\win32.targetver.WIN7.h">
      <Filter>Header Files</Filter>
    </ClInclude>
    <ClInclude Include="include\vlr\ModuleContext.Runtime.h">
      <Filter>Header Files</Filter>
    </ClInclude>
    <ClInclude Include="include\vlr\win32.security.SIDs.h">
      <Filter>Header Files</Filter>
    </ClInclude>
    <ClInclude Include="include\vlr\win32.enum.WELL_KNOWN_SID_TYPE.h">
      <Filter>Header Files</Filter>
    </ClInclude>
    <ClInclude Include="include\vlr\win32.enum.SID_NAME_USE.h">
      <Filter>Header Files</Filter>
    </ClInclude>
    <ClInclude Include="include\vlr\util.OnValidAssignTo.h">
      <Filter>Header Files</Filter>
    </ClInclude>
  </ItemGroup>
  <ItemGroup>
    <None Include="vcpkg.json" />
  </ItemGroup>
</Project>