<?xml version="1.0" encoding="utf-8"?>
<Project ToolsVersion="4.0" xmlns="http://schemas.microsoft.com/developer/msbuild/2003">
  <ItemGroup>
    <Filter Include="Source Files">
      <UniqueIdentifier>{4FC737F1-C7A5-4376-A066-2A32D752A2FF}</UniqueIdentifier>
      <Extensions>cpp;c;cc;cxx;c++;cppm;ixx;def;odl;idl;hpj;bat;asm;asmx</Extensions>
    </Filter>
    <Filter Include="Header Files">
      <UniqueIdentifier>{93995380-89BD-4b04-88EB-625FBE52EBFB}</UniqueIdentifier>
      <Extensions>h;hh;hpp;hxx;h++;hm;inl;inc;ipp;xsd</Extensions>
    </Filter>
    <Filter Include="Resource Files">
      <UniqueIdentifier>{67DA6AB6-F800-4c08-8B7A-83BB121AAD01}</UniqueIdentifier>
      <Extensions>rc;ico;cur;bmp;dlg;rc2;rct;bin;rgs;gif;jpg;jpeg;jpe;resx;tiff;tif;png;wav;mfcribbon-ms</Extensions>
    </Filter>
  </ItemGroup>
  <ItemGroup>
    <ClInclude Include="ActionOnDestruction.h">
      <Filter>Header Files</Filter>
    </ClInclude>
    <ClInclude Include="as_span.h">
      <Filter>Header Files</Filter>
    </ClInclude>
    <ClInclude Include="AssertionHandling_Config.h">
      <Filter>Header Files</Filter>
    </ClInclude>
    <ClInclude Include="AutoFreeResource.h">
      <Filter>Header Files</Filter>
    </ClInclude>
    <ClInclude Include="AutoRevertingAssignment.h">
      <Filter>Header Files</Filter>
    </ClInclude>
    <ClInclude Include="BaseWithVirtualDestructor.h">
      <Filter>Header Files</Filter>
    </ClInclude>
    <ClInclude Include="c_runtime.StringFunctions.h">
      <Filter>Header Files</Filter>
    </ClInclude>
    <ClInclude Include="config.h">
      <Filter>Header Files</Filter>
    </ClInclude>
    <ClInclude Include="cpp_namespace.h">
      <Filter>Header Files</Filter>
    </ClInclude>
    <ClInclude Include="enums.FormatEnum.h">
      <Filter>Header Files</Filter>
    </ClInclude>
    <ClInclude Include="enums.RangeInfo.h">
      <Filter>Header Files</Filter>
    </ClInclude>
    <ClInclude Include="formatpf.h">
      <Filter>Header Files</Filter>
    </ClInclude>
    <ClInclude Include="framework.h">
      <Filter>Header Files</Filter>
    </ClInclude>
    <ClInclude Include="include.fmt.h">
      <Filter>Header Files</Filter>
    </ClInclude>
    <ClInclude Include="include.spdlog.h">
      <Filter>Header Files</Filter>
    </ClInclude>
    <ClInclude Include="logging.LogMessage.h">
      <Filter>Header Files</Filter>
    </ClInclude>
    <ClInclude Include="logging.MessageContext.h">
      <Filter>Header Files</Filter>
    </ClInclude>
    <ClInclude Include="ModuleContext.Compilation.h">
      <Filter>Header Files</Filter>
    </ClInclude>
    <ClInclude Include="ModuleContext.Runtime.CommandLine.h">
      <Filter>Header Files</Filter>
    </ClInclude>
    <ClInclude Include="ModuleContext.Runtime.ConfigOptionsBase.h">
      <Filter>Header Files</Filter>
    </ClInclude>
    <ClInclude Include="ModuleContext.Runtime.h">
      <Filter>Header Files</Filter>
    </ClInclude>
    <ClInclude Include="ops.NetworkTargetInfo.h">
      <Filter>Header Files</Filter>
    </ClInclude>
    <ClInclude Include="pch.h">
      <Filter>Header Files</Filter>
    </ClInclude>
    <ClInclude Include="SharedInstance.h">
      <Filter>Header Files</Filter>
    </ClInclude>
    <ClInclude Include="ThreadPool.h">
      <Filter>Header Files</Filter>
    </ClInclude>
    <ClInclude Include="util.api_adaptor.OutString.h">
      <Filter>Header Files</Filter>
    </ClInclude>
    <ClInclude Include="util.AutoCleanup_SC_HANDLE.h">
      <Filter>Header Files</Filter>
    </ClInclude>
    <ClInclude Include="util.AutoCleanupBase.h">
      <Filter>Header Files</Filter>
    </ClInclude>
    <ClInclude Include="util.choice.h">
      <Filter>Header Files</Filter>
    </ClInclude>
    <ClInclude Include="util.convert.Arithmetic.h">
      <Filter>Header Files</Filter>
    </ClInclude>
    <ClInclude Include="util.convert.DateTime.h">
      <Filter>Header Files</Filter>
    </ClInclude>
    <ClInclude Include="util.convert.StringConversion.h">
      <Filter>Header Files</Filter>
    </ClInclude>
    <ClInclude Include="util.convert.ToDisplay.h">
      <Filter>Header Files</Filter>
    </ClInclude>
    <ClInclude Include="util.CStringBufferAccess.h">
      <Filter>Header Files</Filter>
    </ClInclude>
    <ClInclude Include="util.data_adaptor.MultiSZ.h">
      <Filter>Header Files</Filter>
    </ClInclude>
    <ClInclude Include="util.IsBitSet.h">
      <Filter>Header Files</Filter>
    </ClInclude>
    <ClInclude Include="util.IsBitValue.h">
      <Filter>Header Files</Filter>
    </ClInclude>
    <ClInclude Include="util.IsNonZero.h">
      <Filter>Header Files</Filter>
    </ClInclude>
    <ClInclude Include="util.IsNotBlank.h">
      <Filter>Header Files</Filter>
    </ClInclude>
    <ClInclude Include="util.logical_zstring_view.h">
      <Filter>Header Files</Filter>
    </ClInclude>
    <ClInclude Include="util.MathOps.h">
      <Filter>Header Files</Filter>
    </ClInclude>
    <ClInclude Include="util.OnValidAssignTo.h">
      <Filter>Header Files</Filter>
    </ClInclude>
    <ClInclude Include="util.range_checked_cast.h">
      <Filter>Header Files</Filter>
    </ClInclude>
    <ClInclude Include="util.Result.h">
      <Filter>Header Files</Filter>
    </ClInclude>
    <ClInclude Include="util.std_aliases.h">
      <Filter>Header Files</Filter>
    </ClInclude>
    <ClInclude Include="util.types.h">
      <Filter>Header Files</Filter>
    </ClInclude>
    <ClInclude Include="util.Unicode.h">
      <Filter>Header Files</Filter>
    </ClInclude>
    <ClInclude Include="UtilMacros.Assertions.h">
      <Filter>Header Files</Filter>
    </ClInclude>
    <ClInclude Include="UtilMacros.General.h">
      <Filter>Header Files</Filter>
    </ClInclude>
    <ClInclude Include="UtilMacros.Namespace.h">
      <Filter>Header Files</Filter>
    </ClInclude>
    <ClInclude Include="win32.targetver.WIN2K.h">
      <Filter>Header Files</Filter>
    </ClInclude>
    <ClInclude Include="win32.targetver.WIN7.h">
      <Filter>Header Files</Filter>
    </ClInclude>
    <ClInclude Include="win32.targetver.WINXP.h">
      <Filter>Header Files</Filter>
    </ClInclude>
    <ClInclude Include="zstring_view.h">
      <Filter>Header Files</Filter>
    </ClInclude>
    <ClInclude Include="util.includes.h">
      <Filter>Header Files</Filter>
    </ClInclude>
    <ClInclude Include="util.static_no_match.h">
      <Filter>Header Files</Filter>
    </ClInclude>
    <ClInclude Include="as_string_view.h">
      <Filter>Header Files</Filter>
    </ClInclude>
  </ItemGroup>
  <ItemGroup>
    <ClCompile Include="ModuleContext.Runtime.CommandLine.cpp">
      <Filter>Source Files</Filter>
    </ClCompile>
    <ClCompile Include="ModuleContext.Runtime.ConfigOptionsBase.cpp">
      <Filter>Source Files</Filter>
    </ClCompile>
    <ClCompile Include="ModuleContext.Runtime.cpp">
      <Filter>Source Files</Filter>
    </ClCompile>
    <ClCompile Include="ops.NetworkTargetInfo.cpp">
      <Filter>Source Files</Filter>
    </ClCompile>
    <ClCompile Include="pch.cpp">
      <Filter>Source Files</Filter>
    </ClCompile>
    <ClCompile Include="ThreadPool.cpp">
      <Filter>Source Files</Filter>
    </ClCompile>
    <ClCompile Include="util.AutoCleanup_SC_HANDLE.cpp">
      <Filter>Source Files</Filter>
    </ClCompile>
    <ClCompile Include="util.AutoCleanupBase.cpp">
      <Filter>Source Files</Filter>
    </ClCompile>
    <ClCompile Include="util.Result.cpp">
      <Filter>Source Files</Filter>
    </ClCompile>
    <ClCompile Include="util.Unicode.cpp">
      <Filter>Source Files</Filter>
    </ClCompile>
    <ClCompile Include="vlr-util.cpp">
      <Filter>Source Files</Filter>
    </ClCompile>
  </ItemGroup>
  <ItemGroup>
    <None Include="vcpkg.json" />
    <None Include="..\README.md" />
  </ItemGroup>
</Project>