<?xml version="1.0" encoding="utf-8"?>
<Project ToolsVersion="4.0" xmlns="http://schemas.microsoft.com/developer/msbuild/2003">
  <ItemGroup>
    <Filter Include="Source Files">
      <UniqueIdentifier>{4FC737F1-C7A5-4376-A066-2A32D752A2FF}</UniqueIdentifier>
      <Extensions>cpp;c;cc;cxx;c++;cppm;ixx;def;odl;idl;hpj;bat;asm;asmx</Extensions>
    </Filter>
    <Filter Include="Header Files">
      <UniqueIdentifier>{93995380-89BD-4b04-88EB-625FBE52EBFB}</UniqueIdentifier>
      <Extensions>h;hh;hpp;hxx;h++;hm;inl;inc;ipp;xsd</Extensions>
    </Filter>
    <Filter Include="Resource Files">
      <UniqueIdentifier>{67DA6AB6-F800-4c08-8B7A-83BB121AAD01}</UniqueIdentifier>
      <Extensions>rc;ico;cur;bmp;dlg;rc2;rct;bin;rgs;gif;jpg;jpeg;jpe;resx;tiff;tif;png;wav;mfcribbon-ms</Extensions>
    </Filter>
  </ItemGroup>
  <ItemGroup>
    <ClCompile Include="vlr-util.test.cpp">
      <Filter>Source Files</Filter>
    </ClCompile>
    <ClCompile Include="zstring_view.cpp">
      <Filter>Source Files</Filter>
    </ClCompile>
    <ClCompile Include="AutoFreeResource.cpp">
      <Filter>Source Files</Filter>
    </ClCompile>
    <ClCompile Include="util.IsNotBlank.cpp">
      <Filter>Source Files</Filter>
    </ClCompile>
    <ClCompile Include="pch.cpp">
      <Filter>Source Files</Filter>
    </ClCompile>
    <ClCompile Include="util.IsNonZero.cpp">
      <Filter>Source Files</Filter>
    </ClCompile>
    <ClCompile Include="Assertions.test.cpp">
      <Filter>Source Files</Filter>
    </ClCompile>
    <ClCompile Include="AutoRevertingAssignment.cpp">
      <Filter>Source Files</Filter>
    </ClCompile>
    <ClCompile Include="enums.RangeInfo.cpp">
      <Filter>Source Files</Filter>
    </ClCompile>
    <ClCompile Include="util.IsBitValue.cpp">
      <Filter>Source Files</Filter>
    </ClCompile>
    <ClCompile Include="formatpf.cpp">
      <Filter>Source Files</Filter>
    </ClCompile>
    <ClCompile Include="util.IsBitSet.cpp">
      <Filter>Source Files</Filter>
    </ClCompile>
    <ClCompile Include="util.choice.cpp">
      <Filter>Source Files</Filter>
    </ClCompile>
    <ClCompile Include="util.range_checked_cast.cpp">
      <Filter>Source Files</Filter>
    </ClCompile>
    <ClCompile Include="util.convert.StringConversion.test.cpp">
      <Filter>Source Files</Filter>
    </ClCompile>
    <ClCompile Include="util.api_adaptor.OutString.cpp">
      <Filter>Source Files</Filter>
    </ClCompile>
    <ClCompile Include="win32.filesystem.enum_volumes.cpp">
      <Filter>Source Files</Filter>
    </ClCompile>
    <ClCompile Include="util.data_adaptor.MultiSZ.cpp">
      <Filter>Source Files</Filter>
    </ClCompile>
    <ClCompile Include="win32.filesystem.enum_files.cpp">
      <Filter>Source Files</Filter>
    </ClCompile>
    <ClCompile Include="win32.structure.WIN32_FIND_DATA.cpp">
      <Filter>Source Files</Filter>
    </ClCompile>
    <ClCompile Include="logging.MessageContext.cpp">
      <Filter>Source Files</Filter>
    </ClCompile>
    <ClCompile Include="logging.LogMessage.cpp">
      <Filter>Source Files</Filter>
    </ClCompile>
    <ClCompile Include="as_span.cpp">
      <Filter>Source Files</Filter>
    </ClCompile>
    <ClCompile Include="win32.registry.RegKey.cpp">
      <Filter>Source Files</Filter>
    </ClCompile>
    <ClCompile Include="ThreadPool.cpp">
      <Filter>Source Files</Filter>
    </ClCompile>
    <ClCompile Include="util.logical_zstring_view.cpp">
      <Filter>Source Files</Filter>
    </ClCompile>
    <ClCompile Include="RegexCache.cpp">
      <Filter>Source Files</Filter>
    </ClCompile>
    <ClCompile Include="ActionOnDestruction.cpp">
      <Filter>Source Files</Filter>
    </ClCompile>
    <ClCompile Include="StringCompare.cpp">
      <Filter>Source Files</Filter>
    </ClCompile>
    <ClCompile Include="util.NonOwningSharedPtr.cpp">
      <Filter>Source Files</Filter>
    </ClCompile>
    <ClCompile Include="CloseEnough.cpp">
      <Filter>Source Files</Filter>
    </ClCompile>
    <ClCompile Include="strings.split.test.cpp">
      <Filter>Source Files</Filter>
    </ClCompile>
    <ClCompile Include="util.MRUCache.cpp">
      <Filter>Source Files</Filter>
    </ClCompile>
    <ClCompile Include="CaptureConsoleOutput.cpp">
      <Filter>Source Files</Filter>
    </ClCompile>
    <ClCompile Include="enums.SmartEnum.test.cpp">
      <Filter>Source Files</Filter>
    </ClCompile>
    <ClCompile Include="TestAssignment.cpp">
      <Filter>Source Files</Filter>
    </ClCompile>
    <ClCompile Include="AppOptionSpecifiedValue.test.cpp">
      <Filter>Source Files</Filter>
    </ClCompile>
    <ClCompile Include="AppOptions.test.cpp">
      <Filter>Source Files</Filter>
    </ClCompile>
    <ClCompile Include="AppOptionAccess.test.cpp">
      <Filter>Source Files</Filter>
    </ClCompile>
    <ClCompile Include="AppOptionSource_File_Basic.test.cpp">
      <Filter>Source Files</Filter>
    </ClCompile>
    <ClCompile Include="util.MakeResultCode.test.cpp">
      <Filter>Source Files</Filter>
    </ClCompile>
    <ClCompile Include="ResourceStringLookupValue.test.cpp">
      <Filter>Source Files</Filter>
    </ClCompile>
  </ItemGroup>
  <ItemGroup>
    <ClInclude Include="zstring_view.h">
      <Filter>Header Files</Filter>
    </ClInclude>
    <ClInclude Include="pch.h">
      <Filter>Header Files</Filter>
    </ClInclude>
  </ItemGroup>
  <ItemGroup>
    <None Include="..\vlr-util\vcpkg.json" />
  </ItemGroup>
  <ItemGroup>
    <Text Include="AppOptionSource_basic.txt">
      <Filter>Resource Files</Filter>
    </Text>
  </ItemGroup>
</Project>